PODS:
  - Alamofire (4.9.1)
  - ReachabilitySwift (5.0.0)
  - SDWebImage (5.3.0):
    - SDWebImage/Core (= 5.3.0)
  - SDWebImage/Core (5.3.0)

DEPENDENCIES:
  - Alamofire
  - ReachabilitySwift
  - SDWebImage

SPEC REPOS:
  trunk:
    - Alamofire
    - ReachabilitySwift
    - SDWebImage

SPEC CHECKSUMS:
  Alamofire: 85e8a02c69d6020a0d734f6054870d7ecb75cf18
  ReachabilitySwift: 985039c6f7b23a1da463388634119492ff86c825
  SDWebImage: f1afa74b86587c2c63f4e80dfd39b21e3c17b45b

PODFILE CHECKSUM: 1427ada6554ef263fb6c75e6c8c13899b5c302cf

COCOAPODS: 1.8.4
