// !$*UTF8*$!
{
	archiveVersion = 1;
	classes = {
	};
	objectVersion = 51;
	objects = {

/* Begin PBXBuildFile section */
		047B81CF23B7C484003D45F0 /* AppDelegate.swift in Sources */ = {isa = PBXBuildFile; fileRef = 047B81CE23B7C484003D45F0 /* AppDelegate.swift */; };
		047B81D123B7C484003D45F0 /* SceneDelegate.swift in Sources */ = {isa = PBXBuildFile; fileRef = 047B81D023B7C484003D45F0 /* SceneDelegate.swift */; };
		047B81D323B7C484003D45F0 /* MoviesController.swift in Sources */ = {isa = PBXBuildFile; fileRef = 047B81D223B7C484003D45F0 /* MoviesController.swift */; };
		047B81D623B7C484003D45F0 /* Main.storyboard in Resources */ = {isa = PBXBuildFile; fileRef = 047B81D423B7C484003D45F0 /* Main.storyboard */; };
		047B81D823B7C48A003D45F0 /* Assets.xcassets in Resources */ = {isa = PBXBuildFile; fileRef = 047B81D723B7C48A003D45F0 /* Assets.xcassets */; };
		047B81DB23B7C48A003D45F0 /* LaunchScreen.storyboard in Resources */ = {isa = PBXBuildFile; fileRef = 047B81D923B7C48A003D45F0 /* LaunchScreen.storyboard */; };
		047B81E423B7D5A1003D45F0 /* NetworkManager.swift in Sources */ = {isa = PBXBuildFile; fileRef = 047B81E323B7D5A1003D45F0 /* NetworkManager.swift */; };
		047CFD4123B84B86000A1A16 /* BuildConfigurations.swift in Sources */ = {isa = PBXBuildFile; fileRef = 047CFD4023B84B86000A1A16 /* BuildConfigurations.swift */; };
		047CFD4D23B85E2C000A1A16 /* MovieTableViewCell.swift in Sources */ = {isa = PBXBuildFile; fileRef = 047CFD4C23B85E2C000A1A16 /* MovieTableViewCell.swift */; };
		04BA346B23B983D700770620 /* TraktMovieResponse.swift in Sources */ = {isa = PBXBuildFile; fileRef = 04BA346A23B983D700770620 /* TraktMovieResponse.swift */; };
		04BA347023B986A400770620 /* MovieRequest.swift in Sources */ = {isa = PBXBuildFile; fileRef = 04BA346F23B986A400770620 /* MovieRequest.swift */; };
		04BA347223B98DBB00770620 /* TraktResultResponse.swift in Sources */ = {isa = PBXBuildFile; fileRef = 04BA347123B98DBB00770620 /* TraktResultResponse.swift */; };
		04BA347423B98F9C00770620 /* SearchRequest.swift in Sources */ = {isa = PBXBuildFile; fileRef = 04BA347323B98F9C00770620 /* SearchRequest.swift */; };
		04BA347623B9A38B00770620 /* AlertManager.swift in Sources */ = {isa = PBXBuildFile; fileRef = 04BA347523B9A38B00770620 /* AlertManager.swift */; };
		04BA347B23B9ADA400770620 /* Enums.swift in Sources */ = {isa = PBXBuildFile; fileRef = 04BA347A23B9ADA400770620 /* Enums.swift */; };
		04BA347E23B9D34A00770620 /* FanartResponse.swift in Sources */ = {isa = PBXBuildFile; fileRef = 04BA347D23B9D34A00770620 /* FanartResponse.swift */; };
		04BA348023B9D57C00770620 /* ImageUrlRequest.swift in Sources */ = {isa = PBXBuildFile; fileRef = 04BA347F23B9D57C00770620 /* ImageUrlRequest.swift */; };
		9D27C5C209A9346964830C4A /* Pods_challengeAccepted.framework in Frameworks */ = {isa = PBXBuildFile; fileRef = BD98632AA29A74043E31C1E8 /* Pods_challengeAccepted.framework */; };
/* End PBXBuildFile section */

/* Begin PBXFileReference section */
		047B81CB23B7C484003D45F0 /* challengeAccepted.app */ = {isa = PBXFileReference; explicitFileType = wrapper.application; includeInIndex = 0; path = challengeAccepted.app; sourceTree = BUILT_PRODUCTS_DIR; };
		047B81CE23B7C484003D45F0 /* AppDelegate.swift */ = {isa = PBXFileReference; lastKnownFileType = sourcecode.swift; path = AppDelegate.swift; sourceTree = "<group>"; };
		047B81D023B7C484003D45F0 /* SceneDelegate.swift */ = {isa = PBXFileReference; lastKnownFileType = sourcecode.swift; path = SceneDelegate.swift; sourceTree = "<group>"; };
		047B81D223B7C484003D45F0 /* MoviesController.swift */ = {isa = PBXFileReference; lastKnownFileType = sourcecode.swift; path = MoviesController.swift; sourceTree = "<group>"; };
		047B81D523B7C484003D45F0 /* Base */ = {isa = PBXFileReference; lastKnownFileType = file.storyboard; name = Base; path = Base.lproj/Main.storyboard; sourceTree = "<group>"; };
		047B81D723B7C48A003D45F0 /* Assets.xcassets */ = {isa = PBXFileReference; lastKnownFileType = folder.assetcatalog; path = Assets.xcassets; sourceTree = "<group>"; };
		047B81DA23B7C48A003D45F0 /* Base */ = {isa = PBXFileReference; lastKnownFileType = file.storyboard; name = Base; path = Base.lproj/LaunchScreen.storyboard; sourceTree = "<group>"; };
		047B81DC23B7C48A003D45F0 /* Info.plist */ = {isa = PBXFileReference; lastKnownFileType = text.plist.xml; path = Info.plist; sourceTree = "<group>"; };
		047B81E323B7D5A1003D45F0 /* NetworkManager.swift */ = {isa = PBXFileReference; lastKnownFileType = sourcecode.swift; path = NetworkManager.swift; sourceTree = "<group>"; };
		047CFD4023B84B86000A1A16 /* BuildConfigurations.swift */ = {isa = PBXFileReference; lastKnownFileType = sourcecode.swift; path = BuildConfigurations.swift; sourceTree = "<group>"; };
		047CFD4C23B85E2C000A1A16 /* MovieTableViewCell.swift */ = {isa = PBXFileReference; lastKnownFileType = sourcecode.swift; path = MovieTableViewCell.swift; sourceTree = "<group>"; };
		04BA346A23B983D700770620 /* TraktMovieResponse.swift */ = {isa = PBXFileReference; lastKnownFileType = sourcecode.swift; path = TraktMovieResponse.swift; sourceTree = "<group>"; };
		04BA346F23B986A400770620 /* MovieRequest.swift */ = {isa = PBXFileReference; lastKnownFileType = sourcecode.swift; path = MovieRequest.swift; sourceTree = "<group>"; };
		04BA347123B98DBB00770620 /* TraktResultResponse.swift */ = {isa = PBXFileReference; lastKnownFileType = sourcecode.swift; path = TraktResultResponse.swift; sourceTree = "<group>"; };
		04BA347323B98F9C00770620 /* SearchRequest.swift */ = {isa = PBXFileReference; lastKnownFileType = sourcecode.swift; path = SearchRequest.swift; sourceTree = "<group>"; };
		04BA347523B9A38B00770620 /* AlertManager.swift */ = {isa = PBXFileReference; lastKnownFileType = sourcecode.swift; path = AlertManager.swift; sourceTree = "<group>"; };
		04BA347A23B9ADA400770620 /* Enums.swift */ = {isa = PBXFileReference; lastKnownFileType = sourcecode.swift; path = Enums.swift; sourceTree = "<group>"; };
		04BA347D23B9D34A00770620 /* FanartResponse.swift */ = {isa = PBXFileReference; lastKnownFileType = sourcecode.swift; path = FanartResponse.swift; sourceTree = "<group>"; };
		04BA347F23B9D57C00770620 /* ImageUrlRequest.swift */ = {isa = PBXFileReference; lastKnownFileType = sourcecode.swift; path = ImageUrlRequest.swift; sourceTree = "<group>"; };
		0709C8A123DC7C9CDEBAED02 /* Pods-challengeAccepted.release.xcconfig */ = {isa = PBXFileReference; includeInIndex = 1; lastKnownFileType = text.xcconfig; name = "Pods-challengeAccepted.release.xcconfig"; path = "Target Support Files/Pods-challengeAccepted/Pods-challengeAccepted.release.xcconfig"; sourceTree = "<group>"; };
		BD98632AA29A74043E31C1E8 /* Pods_challengeAccepted.framework */ = {isa = PBXFileReference; explicitFileType = wrapper.framework; includeInIndex = 0; path = Pods_challengeAccepted.framework; sourceTree = BUILT_PRODUCTS_DIR; };
		D034FBB897EEE5C4F7D20CBD /* Pods-challengeAccepted.debug.xcconfig */ = {isa = PBXFileReference; includeInIndex = 1; lastKnownFileType = text.xcconfig; name = "Pods-challengeAccepted.debug.xcconfig"; path = "Target Support Files/Pods-challengeAccepted/Pods-challengeAccepted.debug.xcconfig"; sourceTree = "<group>"; };
/* End PBXFileReference section */

/* Begin PBXFrameworksBuildPhase section */
		047B81C823B7C484003D45F0 /* Frameworks */ = {
			isa = PBXFrameworksBuildPhase;
			buildActionMask = 2147483647;
			files = (
				9D27C5C209A9346964830C4A /* Pods_challengeAccepted.framework in Frameworks */,
			);
			runOnlyForDeploymentPostprocessing = 0;
		};
/* End PBXFrameworksBuildPhase section */

/* Begin PBXGroup section */
		047B81C223B7C484003D45F0 = {
			isa = PBXGroup;
			children = (
				047B81CD23B7C484003D45F0 /* challengeAccepted */,
				047B81CC23B7C484003D45F0 /* Products */,
				BC6D7C98D18D9031C5709F6A /* Pods */,
				4DB45DF30BEC85E30BC42F74 /* Frameworks */,
			);
			sourceTree = "<group>";
		};
		047B81CC23B7C484003D45F0 /* Products */ = {
			isa = PBXGroup;
			children = (
				047B81CB23B7C484003D45F0 /* challengeAccepted.app */,
			);
			name = Products;
			sourceTree = "<group>";
		};
		047B81CD23B7C484003D45F0 /* challengeAccepted */ = {
			isa = PBXGroup;
			children = (
				04BA347C23B9B0DE00770620 /* storyboards */,
				04BA347823B9AD8B00770620 /* Utils */,
				04BA347723B9AD7E00770620 /* ui */,
				047CFD4423B8501A000A1A16 /* Models */,
				047CFD3F23B84B69000A1A16 /* Configurations */,
				047B81E723B7E6DE003D45F0 /* Network */,
				047B81CE23B7C484003D45F0 /* AppDelegate.swift */,
				047B81D023B7C484003D45F0 /* SceneDelegate.swift */,
				047B81D723B7C48A003D45F0 /* Assets.xcassets */,
				047B81DC23B7C48A003D45F0 /* Info.plist */,
			);
			path = challengeAccepted;
			sourceTree = "<group>";
		};
		047B81E723B7E6DE003D45F0 /* Network */ = {
			isa = PBXGroup;
			children = (
				04BA346C23B985D600770620 /* Request */,
				047B81E323B7D5A1003D45F0 /* NetworkManager.swift */,
			);
			path = Network;
			sourceTree = "<group>";
		};
		047CFD3F23B84B69000A1A16 /* Configurations */ = {
			isa = PBXGroup;
			children = (
				047CFD4023B84B86000A1A16 /* BuildConfigurations.swift */,
			);
			path = Configurations;
			sourceTree = "<group>";
		};
		047CFD4423B8501A000A1A16 /* Models */ = {
			isa = PBXGroup;
			children = (
				04BA346A23B983D700770620 /* TraktMovieResponse.swift */,
				04BA347123B98DBB00770620 /* TraktResultResponse.swift */,
				04BA347D23B9D34A00770620 /* FanartResponse.swift */,
			);
			path = Models;
			sourceTree = "<group>";
		};
		04BA346C23B985D600770620 /* Request */ = {
			isa = PBXGroup;
			children = (
				04BA346F23B986A400770620 /* MovieRequest.swift */,
				04BA347323B98F9C00770620 /* SearchRequest.swift */,
				04BA347F23B9D57C00770620 /* ImageUrlRequest.swift */,
			);
			path = Request;
			sourceTree = "<group>";
		};
		04BA347723B9AD7E00770620 /* ui */ = {
			isa = PBXGroup;
			children = (
				047B81D223B7C484003D45F0 /* MoviesController.swift */,
				047CFD4C23B85E2C000A1A16 /* MovieTableViewCell.swift */,
			);
			path = ui;
			sourceTree = "<group>";
		};
		04BA347823B9AD8B00770620 /* Utils */ = {
			isa = PBXGroup;
			children = (
				04BA347523B9A38B00770620 /* AlertManager.swift */,
				04BA347A23B9ADA400770620 /* Enums.swift */,
			);
			path = Utils;
			sourceTree = "<group>";
		};
		04BA347C23B9B0DE00770620 /* storyboards */ = {
			isa = PBXGroup;
			children = (
				047B81D423B7C484003D45F0 /* Main.storyboard */,
				047B81D923B7C48A003D45F0 /* LaunchScreen.storyboard */,
			);
			path = storyboards;
			sourceTree = "<group>";
		};
		4DB45DF30BEC85E30BC42F74 /* Frameworks */ = {
			isa = PBXGroup;
			children = (
				BD98632AA29A74043E31C1E8 /* Pods_challengeAccepted.framework */,
			);
			name = Frameworks;
			sourceTree = "<group>";
		};
		BC6D7C98D18D9031C5709F6A /* Pods */ = {
			isa = PBXGroup;
			children = (
				D034FBB897EEE5C4F7D20CBD /* Pods-challengeAccepted.debug.xcconfig */,
				0709C8A123DC7C9CDEBAED02 /* Pods-challengeAccepted.release.xcconfig */,
			);
			path = Pods;
			sourceTree = "<group>";
		};
/* End PBXGroup section */

/* Begin PBXNativeTarget section */
		047B81CA23B7C484003D45F0 /* challengeAccepted */ = {
			isa = PBXNativeTarget;
			buildConfigurationList = 047B81DF23B7C48A003D45F0 /* Build configuration list for PBXNativeTarget "challengeAccepted" */;
			buildPhases = (
				B03FCC149C092E4F9A832F84 /* [CP] Check Pods Manifest.lock */,
				047B81C723B7C484003D45F0 /* Sources */,
				047B81C823B7C484003D45F0 /* Frameworks */,
				047B81C923B7C484003D45F0 /* Resources */,
				F25E105CBB8ED699034A8E45 /* [CP] Embed Pods Frameworks */,
			);
			buildRules = (
			);
			dependencies = (
			);
			name = challengeAccepted;
			productName = challengeAccepted;
			productReference = 047B81CB23B7C484003D45F0 /* challengeAccepted.app */;
			productType = "com.apple.product-type.application";
		};
/* End PBXNativeTarget section */

/* Begin PBXProject section */
		047B81C323B7C484003D45F0 /* Project object */ = {
			isa = PBXProject;
			attributes = {
				LastSwiftUpdateCheck = 1130;
				LastUpgradeCheck = 1130;
				ORGANIZATIONNAME = Mac;
				TargetAttributes = {
					047B81CA23B7C484003D45F0 = {
						CreatedOnToolsVersion = 11.3;
					};
				};
			};
			buildConfigurationList = 047B81C623B7C484003D45F0 /* Build configuration list for PBXProject "challengeAccepted" */;
			compatibilityVersion = "Xcode 9.3";
			developmentRegion = en;
			hasScannedForEncodings = 0;
			knownRegions = (
				en,
				Base,
			);
			mainGroup = 047B81C223B7C484003D45F0;
			productRefGroup = 047B81CC23B7C484003D45F0 /* Products */;
			projectDirPath = "";
			projectRoot = "";
			targets = (
				047B81CA23B7C484003D45F0 /* challengeAccepted */,
			);
		};
/* End PBXProject section */

/* Begin PBXResourcesBuildPhase section */
		047B81C923B7C484003D45F0 /* Resources */ = {
			isa = PBXResourcesBuildPhase;
			buildActionMask = 2147483647;
			files = (
				047B81DB23B7C48A003D45F0 /* LaunchScreen.storyboard in Resources */,
				047B81D823B7C48A003D45F0 /* Assets.xcassets in Resources */,
				047B81D623B7C484003D45F0 /* Main.storyboard in Resources */,
			);
			runOnlyForDeploymentPostprocessing = 0;
		};
/* End PBXResourcesBuildPhase section */

/* Begin PBXShellScriptBuildPhase section */
		B03FCC149C092E4F9A832F84 /* [CP] Check Pods Manifest.lock */ = {
			isa = PBXShellScriptBuildPhase;
			buildActionMask = 2147483647;
			files = (
			);
			inputFileListPaths = (
			);
			inputPaths = (
				"${PODS_PODFILE_DIR_PATH}/Podfile.lock",
				"${PODS_ROOT}/Manifest.lock",
			);
			name = "[CP] Check Pods Manifest.lock";
			outputFileListPaths = (
			);
			outputPaths = (
				"$(DERIVED_FILE_DIR)/Pods-challengeAccepted-checkManifestLockResult.txt",
			);
			runOnlyForDeploymentPostprocessing = 0;
			shellPath = /bin/sh;
			shellScript = "diff \"${PODS_PODFILE_DIR_PATH}/Podfile.lock\" \"${PODS_ROOT}/Manifest.lock\" > /dev/null\nif [ $? != 0 ] ; then\n    # print error to STDERR\n    echo \"error: The sandbox is not in sync with the Podfile.lock. Run 'pod install' or update your CocoaPods installation.\" >&2\n    exit 1\nfi\n# This output is used by Xcode 'outputs' to avoid re-running this script phase.\necho \"SUCCESS\" > \"${SCRIPT_OUTPUT_FILE_0}\"\n";
			showEnvVarsInLog = 0;
		};
		F25E105CBB8ED699034A8E45 /* [CP] Embed Pods Frameworks */ = {
			isa = PBXShellScriptBuildPhase;
			buildActionMask = 2147483647;
			files = (
			);
			inputFileListPaths = (
				"${PODS_ROOT}/Target Support Files/Pods-challengeAccepted/Pods-challengeAccepted-frameworks-${CONFIGURATION}-input-files.xcfilelist",
			);
			name = "[CP] Embed Pods Frameworks";
			outputFileListPaths = (
				"${PODS_ROOT}/Target Support Files/Pods-challengeAccepted/Pods-challengeAccepted-frameworks-${CONFIGURATION}-output-files.xcfilelist",
			);
			runOnlyForDeploymentPostprocessing = 0;
			shellPath = /bin/sh;
			shellScript = "\"${PODS_ROOT}/Target Support Files/Pods-challengeAccepted/Pods-challengeAccepted-frameworks.sh\"\n";
			showEnvVarsInLog = 0;
		};
/* End PBXShellScriptBuildPhase section */

/* Begin PBXSourcesBuildPhase section */
		047B81C723B7C484003D45F0 /* Sources */ = {
			isa = PBXSourcesBuildPhase;
			buildActionMask = 2147483647;
			files = (
				04BA347223B98DBB00770620 /* TraktResultResponse.swift in Sources */,
				04BA348023B9D57C00770620 /* ImageUrlRequest.swift in Sources */,
				04BA347423B98F9C00770620 /* SearchRequest.swift in Sources */,
				047CFD4D23B85E2C000A1A16 /* MovieTableViewCell.swift in Sources */,
				047B81E423B7D5A1003D45F0 /* NetworkManager.swift in Sources */,
				04BA347623B9A38B00770620 /* AlertManager.swift in Sources */,
				047B81D323B7C484003D45F0 /* MoviesController.swift in Sources */,
				04BA346B23B983D700770620 /* TraktMovieResponse.swift in Sources */,
				047CFD4123B84B86000A1A16 /* BuildConfigurations.swift in Sources */,
				04BA347E23B9D34A00770620 /* FanartResponse.swift in Sources */,
				047B81CF23B7C484003D45F0 /* AppDelegate.swift in Sources */,
				04BA347023B986A400770620 /* MovieRequest.swift in Sources */,
				04BA347B23B9ADA400770620 /* Enums.swift in Sources */,
				047B81D123B7C484003D45F0 /* SceneDelegate.swift in Sources */,
			);
			runOnlyForDeploymentPostprocessing = 0;
		};
/* End PBXSourcesBuildPhase section */

/* Begin PBXVariantGroup section */
		047B81D423B7C484003D45F0 /* Main.storyboard */ = {
			isa = PBXVariantGroup;
			children = (
				047B81D523B7C484003D45F0 /* Base */,
			);
			name = Main.storyboard;
			sourceTree = "<group>";
		};
		047B81D923B7C48A003D45F0 /* LaunchScreen.storyboard */ = {
			isa = PBXVariantGroup;
			children = (
				047B81DA23B7C48A003D45F0 /* Base */,
			);
			name = LaunchScreen.storyboard;
			sourceTree = "<group>";
		};
/* End PBXVariantGroup section */

/* Begin XCBuildConfiguration section */
		047B81DD23B7C48A003D45F0 /* Debug */ = {
			isa = XCBuildConfiguration;
			buildSettings = {
				ALWAYS_SEARCH_USER_PATHS = NO;
				CLANG_ANALYZER_NONNULL = YES;
				CLANG_ANALYZER_NUMBER_OBJECT_CONVERSION = YES_AGGRESSIVE;
				CLANG_CXX_LANGUAGE_STANDARD = "gnu++14";
				CLANG_CXX_LIBRARY = "libc++";
				CLANG_ENABLE_MODULES = YES;
				CLANG_ENABLE_OBJC_ARC = YES;
				CLANG_ENABLE_OBJC_WEAK = YES;
				CLANG_WARN_BLOCK_CAPTURE_AUTORELEASING = YES;
				CLANG_WARN_BOOL_CONVERSION = YES;
				CLANG_WARN_COMMA = YES;
				CLANG_WARN_CONSTANT_CONVERSION = YES;
				CLANG_WARN_DEPRECATED_OBJC_IMPLEMENTATIONS = YES;
				CLANG_WARN_DIRECT_OBJC_ISA_USAGE = YES_ERROR;
				CLANG_WARN_DOCUMENTATION_COMMENTS = YES;
				CLANG_WARN_EMPTY_BODY = YES;
				CLANG_WARN_ENUM_CONVERSION = YES;
				CLANG_WARN_INFINITE_RECURSION = YES;
				CLANG_WARN_INT_CONVERSION = YES;
				CLANG_WARN_NON_LITERAL_NULL_CONVERSION = YES;
				CLANG_WARN_OBJC_IMPLICIT_RETAIN_SELF = YES;
				CLANG_WARN_OBJC_LITERAL_CONVERSION = YES;
				CLANG_WARN_OBJC_ROOT_CLASS = YES_ERROR;
				CLANG_WARN_RANGE_LOOP_ANALYSIS = YES;
				CLANG_WARN_STRICT_PROTOTYPES = YES;
				CLANG_WARN_SUSPICIOUS_MOVE = YES;
				CLANG_WARN_UNGUARDED_AVAILABILITY = YES_AGGRESSIVE;
				CLANG_WARN_UNREACHABLE_CODE = YES;
				CLANG_WARN__DUPLICATE_METHOD_MATCH = YES;
				COPY_PHASE_STRIP = NO;
				DEBUG_INFORMATION_FORMAT = dwarf;
				ENABLE_STRICT_OBJC_MSGSEND = YES;
				ENABLE_TESTABILITY = YES;
				GCC_C_LANGUAGE_STANDARD = gnu11;
				GCC_DYNAMIC_NO_PIC = NO;
				GCC_NO_COMMON_BLOCKS = YES;
				GCC_OPTIMIZATION_LEVEL = 0;
				GCC_PREPROCESSOR_DEFINITIONS = (
					"DEBUG=1",
					"$(inherited)",
				);
				GCC_WARN_64_TO_32_BIT_CONVERSION = YES;
				GCC_WARN_ABOUT_RETURN_TYPE = YES_ERROR;
				GCC_WARN_UNDECLARED_SELECTOR = YES;
				GCC_WARN_UNINITIALIZED_AUTOS = YES_AGGRESSIVE;
				GCC_WARN_UNUSED_FUNCTION = YES;
				GCC_WARN_UNUSED_VARIABLE = YES;
				IPHONEOS_DEPLOYMENT_TARGET = 13.2;
				MTL_ENABLE_DEBUG_INFO = INCLUDE_SOURCE;
				MTL_FAST_MATH = YES;
				ONLY_ACTIVE_ARCH = YES;
				SDKROOT = iphoneos;
				SWIFT_ACTIVE_COMPILATION_CONDITIONS = DEBUG;
				SWIFT_OPTIMIZATION_LEVEL = "-Onone";
			};
			name = Debug;
		};
		047B81DE23B7C48A003D45F0 /* Release */ = {
			isa = XCBuildConfiguration;
			buildSettings = {
				ALWAYS_SEARCH_USER_PATHS = NO;
				CLANG_ANALYZER_NONNULL = YES;
				CLANG_ANALYZER_NUMBER_OBJECT_CONVERSION = YES_AGGRESSIVE;
				CLANG_CXX_LANGUAGE_STANDARD = "gnu++14";
				CLANG_CXX_LIBRARY = "libc++";
				CLANG_ENABLE_MODULES = YES;
				CLANG_ENABLE_OBJC_ARC = YES;
				CLANG_ENABLE_OBJC_WEAK = YES;
				CLANG_WARN_BLOCK_CAPTURE_AUTORELEASING = YES;
				CLANG_WARN_BOOL_CONVERSION = YES;
				CLANG_WARN_COMMA = YES;
				CLANG_WARN_CONSTANT_CONVERSION = YES;
				CLANG_WARN_DEPRECATED_OBJC_IMPLEMENTATIONS = YES;
				CLANG_WARN_DIRECT_OBJC_ISA_USAGE = YES_ERROR;
				CLANG_WARN_DOCUMENTATION_COMMENTS = YES;
				CLANG_WARN_EMPTY_BODY = YES;
				CLANG_WARN_ENUM_CONVERSION = YES;
				CLANG_WARN_INFINITE_RECURSION = YES;
				CLANG_WARN_INT_CONVERSION = YES;
				CLANG_WARN_NON_LITERAL_NULL_CONVERSION = YES;
				CLANG_WARN_OBJC_IMPLICIT_RETAIN_SELF = YES;
				CLANG_WARN_OBJC_LITERAL_CONVERSION = YES;
				CLANG_WARN_OBJC_ROOT_CLASS = YES_ERROR;
				CLANG_WARN_RANGE_LOOP_ANALYSIS = YES;
				CLANG_WARN_STRICT_PROTOTYPES = YES;
				CLANG_WARN_SUSPICIOUS_MOVE = YES;
				CLANG_WARN_UNGUARDED_AVAILABILITY = YES_AGGRESSIVE;
				CLANG_WARN_UNREACHABLE_CODE = YES;
				CLANG_WARN__DUPLICATE_METHOD_MATCH = YES;
				COPY_PHASE_STRIP = NO;
				DEBUG_INFORMATION_FORMAT = "dwarf-with-dsym";
				ENABLE_NS_ASSERTIONS = NO;
				ENABLE_STRICT_OBJC_MSGSEND = YES;
				GCC_C_LANGUAGE_STANDARD = gnu11;
				GCC_NO_COMMON_BLOCKS = YES;
				GCC_WARN_64_TO_32_BIT_CONVERSION = YES;
				GCC_WARN_ABOUT_RETURN_TYPE = YES_ERROR;
				GCC_WARN_UNDECLARED_SELECTOR = YES;
				GCC_WARN_UNINITIALIZED_AUTOS = YES_AGGRESSIVE;
				GCC_WARN_UNUSED_FUNCTION = YES;
				GCC_WARN_UNUSED_VARIABLE = YES;
				IPHONEOS_DEPLOYMENT_TARGET = 13.2;
				MTL_ENABLE_DEBUG_INFO = NO;
				MTL_FAST_MATH = YES;
				SDKROOT = iphoneos;
				SWIFT_COMPILATION_MODE = wholemodule;
				SWIFT_OPTIMIZATION_LEVEL = "-O";
				VALIDATE_PRODUCT = YES;
			};
			name = Release;
		};
		047B81E023B7C48A003D45F0 /* Debug */ = {
			isa = XCBuildConfiguration;
			baseConfigurationReference = D034FBB897EEE5C4F7D20CBD /* Pods-challengeAccepted.debug.xcconfig */;
			buildSettings = {
				ASSETCATALOG_COMPILER_APPICON_NAME = AppIcon;
				CLIENT_ID = ed2a09bb1b860b5a80236a78b91475ad68b5f90884de8b9385daf2ee14d24df6;
				CODE_SIGN_STYLE = Automatic;
				DEVELOPMENT_TEAM = XWL75WZNEB;
				INFOPLIST_FILE = challengeAccepted/Info.plist;
				LD_RUNPATH_SEARCH_PATHS = (
					"$(inherited)",
					"@executable_path/Frameworks",
				);
				PRODUCT_BUNDLE_IDENTIFIER = leps.challengeAccepted;
				PRODUCT_NAME = "$(TARGET_NAME)";
				SERVER_URL = "https://api.trakt.tv";
				SWIFT_VERSION = 5.0;
				TARGETED_DEVICE_FAMILY = "1,2";
			};
			name = Debug;
		};
		047B81E123B7C48A003D45F0 /* Release */ = {
			isa = XCBuildConfiguration;
			baseConfigurationReference = 0709C8A123DC7C9CDEBAED02 /* Pods-challengeAccepted.release.xcconfig */;
			buildSettings = {
				ASSETCATALOG_COMPILER_APPICON_NAME = AppIcon;
				CLIENT_ID = ed2a09bb1b860b5a80236a78b91475ad68b5f90884de8b9385daf2ee14d24df6;
				CODE_SIGN_STYLE = Automatic;
				DEVELOPMENT_TEAM = XWL75WZNEB;
				INFOPLIST_FILE = challengeAccepted/Info.plist;
				LD_RUNPATH_SEARCH_PATHS = (
					"$(inherited)",
					"@executable_path/Frameworks",
				);
				PRODUCT_BUNDLE_IDENTIFIER = leps.challengeAccepted;
				PRODUCT_NAME = "$(TARGET_NAME)";
				SERVER_URL = "https://api.trakt.tv";
				SWIFT_VERSION = 5.0;
				TARGETED_DEVICE_FAMILY = "1,2";
			};
			name = Release;
		};
/* End XCBuildConfiguration section */

/* Begin XCConfigurationList section */
		047B81C623B7C484003D45F0 /* Build configuration list for PBXProject "challengeAccepted" */ = {
			isa = XCConfigurationList;
			buildConfigurations = (
				047B81DD23B7C48A003D45F0 /* Debug */,
				047B81DE23B7C48A003D45F0 /* Release */,
			);
			defaultConfigurationIsVisible = 0;
			defaultConfigurationName = Release;
		};
		047B81DF23B7C48A003D45F0 /* Build configuration list for PBXNativeTarget "challengeAccepted" */ = {
			isa = XCConfigurationList;
			buildConfigurations = (
				047B81E023B7C48A003D45F0 /* Debug */,
				047B81E123B7C48A003D45F0 /* Release */,
			);
			defaultConfigurationIsVisible = 0;
			defaultConfigurationName = Release;
		};
/* End XCConfigurationList section */
	};
	rootObject = 047B81C323B7C484003D45F0 /* Project object */;
}
